# This file is automatically @generated by Cargo.
# It is not intended for manual editing.
version = 4

[[package]]
name = "arrayvec"
version = "0.7.6"
source = "registry+https://github.com/rust-lang/crates.io-index"
checksum = "7c02d123df017efcdfbd739ef81735b36c5ba83ec3c59c80a9d7ecc718f92e50"

[[package]]
name = "audio-codec-algorithms"
version = "0.7.0"
source = "registry+https://github.com/rust-lang/crates.io-index"
checksum = "33f15622964e2d1f08cec8eb6fc6df40dd987c47be617ba010de330d5d837c98"

[[package]]
name = "audio-file-utils"
version = "0.1.0"
dependencies = [
 "embedded-io-async",
 "heapless",
 "thiserror",
]

[[package]]
name = "autocfg"
version = "1.5.0"
source = "registry+https://github.com/rust-lang/crates.io-index"
checksum = "c08606f8c3cbf4ce6ec8e28fb0014a2c086708fe954eaa885384a6165172e7e8"

[[package]]
name = "base32"
version = "0.5.1"
source = "registry+https://github.com/rust-lang/crates.io-index"
checksum = "022dfe9eb35f19ebbcb51e0b40a5ab759f46ad60cadf7297e0bd085afb50e076"

[[package]]
name = "bitflags"
version = "1.3.2"
source = "registry+https://github.com/rust-lang/crates.io-index"
checksum = "bef38d45163c2f1dde094a7dfd33ccf595c92905c8f8f4fdc18d06fb1037718a"

[[package]]
name = "block-buffer"
version = "0.10.4"
source = "registry+https://github.com/rust-lang/crates.io-index"
checksum = "3078c7629b62d3f0439517fa394996acacc5cbc91c5a20d8c658e77abd503a71"
dependencies = [
 "generic-array",
]

[[package]]
name = "bytemuck"
version = "1.23.2"
source = "registry+https://github.com/rust-lang/crates.io-index"
checksum = "3995eaeebcdf32f91f980d360f78732ddc061097ab4e39991ae7a6ace9194677"

[[package]]
name = "byteorder"
version = "1.5.0"
source = "registry+https://github.com/rust-lang/crates.io-index"
checksum = "1fd0f2584146f6f2ef48085050886acf353beff7305ebd1ae69500e27c67f64b"

[[package]]
name = "cfg-if"
version = "1.0.3"
source = "registry+https://github.com/rust-lang/crates.io-index"
checksum = "2fd1289c04a9ea8cb22300a459a72a385d7c73d3259e2ed7dcb2af674838cfa9"

[[package]]
name = "cpufeatures"
version = "0.2.17"
source = "registry+https://github.com/rust-lang/crates.io-index"
checksum = "59ed5838eebb26a2bb2e58f6d5b5316989ae9d08bab10e0e6d103e656d1b0280"
dependencies = [
 "libc",
]

[[package]]
name = "crypto-common"
version = "0.1.7"
source = "registry+https://github.com/rust-lang/crates.io-index"
checksum = "78c8292055d1c1df0cce5d180393dc8cce0abec0a7102adb6c7b1eef6016d60a"
dependencies = [
 "generic-array",
 "typenum",
]

[[package]]
name = "dasp_frame"
version = "0.11.0"
source = "registry+https://github.com/rust-lang/crates.io-index"
checksum = "b2a3937f5fe2135702897535c8d4a5553f8b116f76c1529088797f2eee7c5cd6"
dependencies = [
 "dasp_sample",
]

[[package]]
name = "dasp_sample"
version = "0.11.0"
source = "registry+https://github.com/rust-lang/crates.io-index"
checksum = "0c87e182de0887fd5361989c677c4e8f5000cd9491d6d563161a8f3a5519fc7f"

[[package]]
name = "digest"
version = "0.10.7"
source = "registry+https://github.com/rust-lang/crates.io-index"
checksum = "9ed9a281f7bc9b7576e61468ba615a66a5c8cfdff42420a70aa82701a3b1e292"
dependencies = [
 "block-buffer",
 "crypto-common",
]

[[package]]
name = "ebur128"
version = "0.1.10"
source = "registry+https://github.com/rust-lang/crates.io-index"
checksum = "e227cc62d64d6fe01abbef48134b9c1f17d470cef1e7a56337ad05b1f81df7f9"
dependencies = [
 "bitflags",
 "dasp_frame",
 "dasp_sample",
 "smallvec",
]

[[package]]
name = "embedded-io"
version = "0.7.1"
source = "registry+https://github.com/rust-lang/crates.io-index"
checksum = "9eb1aa714776b75c7e67e1da744b81a129b3ff919c8712b5e1b32252c1f07cc7"

[[package]]
name = "embedded-io-async"
version = "0.7.0"
source = "registry+https://github.com/rust-lang/crates.io-index"
checksum = "2564b9f813c544241430e147d8bc454815ef9ac998878d30cc3055449f7fd4c0"
dependencies = [
 "embedded-io",
]

[[package]]
name = "encoding_rs"
version = "0.8.35"
source = "registry+https://github.com/rust-lang/crates.io-index"
checksum = "75030f3c4f45dafd7586dd6780965a8c7e8e285a5ecb86713e63a79c5b2766f3"
dependencies = [
 "cfg-if",
]

[[package]]
name = "extended"
version = "0.1.0"
source = "registry+https://github.com/rust-lang/crates.io-index"
checksum = "af9673d8203fcb076b19dfd17e38b3d4ae9f44959416ea532ce72415a6020365"

[[package]]
name = "generic-array"
version = "0.14.7"
source = "registry+https://github.com/rust-lang/crates.io-index"
checksum = "85649ca51fd72272d7821adaf274ad91c288277713d9c18820d8499a7ff69e9a"
dependencies = [
 "typenum",
 "version_check",
]

[[package]]
name = "hash32"
version = "0.3.1"
source = "registry+https://github.com/rust-lang/crates.io-index"
checksum = "47d60b12902ba28e2730cd37e95b8c9223af2808df9e902d4df49588d1470606"
dependencies = [
 "byteorder",
]

[[package]]
name = "heapless"
version = "0.9.2"
source = "registry+https://github.com/rust-lang/crates.io-index"
checksum = "2af2455f757db2b292a9b1768c4b70186d443bcb3b316252d6b540aec1cd89ed"
dependencies = [
 "hash32",
 "stable_deref_trait",
]

[[package]]
name = "lazy_static"
version = "1.5.0"
source = "registry+https://github.com/rust-lang/crates.io-index"
checksum = "bbd2bcb4c963f2ddae06a2efc7e9f3591312473c50c6685e1f298068316e66fe"

[[package]]
name = "libc"
version = "0.2.178"
source = "registry+https://github.com/rust-lang/crates.io-index"
checksum = "37c93d8daa9d8a012fd8ab92f088405fb202ea0b6ab73ee2482ae66af4f42091"

[[package]]
name = "log"
version = "0.4.28"
source = "registry+https://github.com/rust-lang/crates.io-index"
checksum = "34080505efa8e45a4b816c349525ebe327ceaa8559756f0356cba97ef3bf7432"

[[package]]
name = "num-complex"
version = "0.4.6"
source = "registry+https://github.com/rust-lang/crates.io-index"
checksum = "73f88a1307638156682bada9d7604135552957b7818057dcef22705b4d509495"
dependencies = [
 "num-traits",
]

[[package]]
name = "num-integer"
version = "0.1.46"
source = "registry+https://github.com/rust-lang/crates.io-index"
checksum = "7969661fd2958a5cb096e56c8e1ad0444ac2bbcd0061bd28660485a44879858f"
dependencies = [
 "num-traits",
]

[[package]]
name = "num-traits"
version = "0.2.19"
source = "registry+https://github.com/rust-lang/crates.io-index"
checksum = "071dfc062690e90b734c0b2273ce72ad0ffa95f0c74596bc250dcfd960262841"
dependencies = [
 "autocfg",
]

[[package]]
name = "pin-project-lite"
version = "0.2.16"
source = "registry+https://github.com/rust-lang/crates.io-index"
checksum = "3b3cff922bd51709b605d9ead9aa71031d81447142d828eb4a6eba76fe619f9b"

[[package]]
name = "primal-check"
version = "0.3.4"
source = "registry+https://github.com/rust-lang/crates.io-index"
checksum = "dc0d895b311e3af9902528fbb8f928688abbd95872819320517cc24ca6b2bd08"
dependencies = [
 "num-integer",
]

[[package]]
name = "proc-macro2"
version = "1.0.101"
source = "registry+https://github.com/rust-lang/crates.io-index"
checksum = "89ae43fd86e4158d6db51ad8e2b80f313af9cc74f5c0e03ccb87de09998732de"
dependencies = [
 "unicode-ident",
]

[[package]]
name = "quote"
version = "1.0.41"
source = "registry+https://github.com/rust-lang/crates.io-index"
checksum = "ce25767e7b499d1b604768e7cde645d14cc8584231ea6b295e9c9eb22c02e1d1"
dependencies = [
 "proc-macro2",
]

[[package]]
name = "realfft"
version = "3.5.0"
source = "registry+https://github.com/rust-lang/crates.io-index"
checksum = "f821338fddb99d089116342c46e9f1fbf3828dba077674613e734e01d6ea8677"
dependencies = [
 "rustfft",
]

[[package]]
name = "rubato"
version = "0.16.2"
source = "registry+https://github.com/rust-lang/crates.io-index"
checksum = "5258099699851cfd0082aeb645feb9c084d9a5e1f1b8d5372086b989fc5e56a1"
dependencies = [
 "num-complex",
 "num-integer",
 "num-traits",
 "realfft",
]

[[package]]
name = "rustfft"
version = "6.4.1"
source = "registry+https://github.com/rust-lang/crates.io-index"
checksum = "21db5f9893e91f41798c88680037dba611ca6674703c1a18601b01a72c8adb89"
dependencies = [
 "num-complex",
 "num-integer",
 "num-traits",
 "primal-check",
 "strength_reduce",
 "transpose",
]

[[package]]
name = "sha1"
version = "0.10.6"
source = "registry+https://github.com/rust-lang/crates.io-index"
checksum = "e3bf829a2d51ab4a5ddf1352d8470c140cadc8301b2ae1789db023f01cedd6ba"
dependencies = [
 "cfg-if",
 "cpufeatures",
 "digest",
]

[[package]]
name = "smallvec"
version = "1.15.1"
source = "registry+https://github.com/rust-lang/crates.io-index"
checksum = "67b1b7a3b5fe4f1376887184045fcf45c69e92af734b7aaddc05fb777b6fbd03"

[[package]]
name = "stable_deref_trait"
version = "1.2.1"
source = "registry+https://github.com/rust-lang/crates.io-index"
checksum = "6ce2be8dc25455e1f91df71bfa12ad37d7af1092ae736f3a6cd0e37bc7810596"

[[package]]
name = "strength_reduce"
version = "0.2.4"
source = "registry+https://github.com/rust-lang/crates.io-index"
checksum = "fe895eb47f22e2ddd4dabc02bce419d2e643c8e3b585c78158b349195bc24d82"

[[package]]
name = "symphonia"
version = "0.5.5"
source = "registry+https://github.com/rust-lang/crates.io-index"
checksum = "5773a4c030a19d9bfaa090f49746ff35c75dfddfa700df7a5939d5e076a57039"
dependencies = [
 "lazy_static",
 "symphonia-bundle-flac",
 "symphonia-bundle-mp3",
 "symphonia-codec-aac",
 "symphonia-codec-adpcm",
 "symphonia-codec-pcm",
 "symphonia-codec-vorbis",
 "symphonia-core",
 "symphonia-format-mkv",
 "symphonia-format-ogg",
 "symphonia-format-riff",
 "symphonia-metadata",
]

[[package]]
name = "symphonia-bundle-flac"
version = "0.5.5"
source = "registry+https://github.com/rust-lang/crates.io-index"
checksum = "c91565e180aea25d9b80a910c546802526ffd0072d0b8974e3ebe59b686c9976"
dependencies = [
 "log",
 "symphonia-core",
 "symphonia-metadata",
 "symphonia-utils-xiph",
]

[[package]]
name = "symphonia-bundle-mp3"
version = "0.5.5"
source = "registry+https://github.com/rust-lang/crates.io-index"
checksum = "4872dd6bb56bf5eac799e3e957aa1981086c3e613b27e0ac23b176054f7c57ed"
dependencies = [
 "lazy_static",
 "log",
 "symphonia-core",
 "symphonia-metadata",
]

[[package]]
name = "symphonia-codec-aac"
version = "0.5.5"
source = "registry+https://github.com/rust-lang/crates.io-index"
checksum = "4c263845aa86881416849c1729a54c7f55164f8b96111dba59de46849e73a790"
dependencies = [
 "lazy_static",
 "log",
 "symphonia-core",
]

[[package]]
name = "symphonia-codec-adpcm"
version = "0.5.5"
source = "registry+https://github.com/rust-lang/crates.io-index"
checksum = "2dddc50e2bbea4cfe027441eece77c46b9f319748605ab8f3443350129ddd07f"
dependencies = [
 "log",
 "symphonia-core",
]

[[package]]
name = "symphonia-codec-pcm"
version = "0.5.5"
source = "registry+https://github.com/rust-lang/crates.io-index"
checksum = "4e89d716c01541ad3ebe7c91ce4c8d38a7cf266a3f7b2f090b108fb0cb031d95"
dependencies = [
 "log",
 "symphonia-core",
]

[[package]]
name = "symphonia-codec-vorbis"
version = "0.5.5"
source = "registry+https://github.com/rust-lang/crates.io-index"
checksum = "f025837c309cd69ffef572750b4a2257b59552c5399a5e49707cc5b1b85d1c73"
dependencies = [
 "log",
 "symphonia-core",
 "symphonia-utils-xiph",
]

[[package]]
name = "symphonia-core"
version = "0.5.5"
source = "registry+https://github.com/rust-lang/crates.io-index"
checksum = "ea00cc4f79b7f6bb7ff87eddc065a1066f3a43fe1875979056672c9ef948c2af"
dependencies = [
 "arrayvec",
 "bitflags",
 "bytemuck",
 "lazy_static",
 "log",
]

[[package]]
name = "symphonia-format-mkv"
version = "0.5.5"
source = "registry+https://github.com/rust-lang/crates.io-index"
checksum = "122d786d2c43a49beb6f397551b4a050d8229eaa54c7ddf9ee4b98899b8742d0"
dependencies = [
 "lazy_static",
 "log",
 "symphonia-core",
 "symphonia-metadata",
 "symphonia-utils-xiph",
]

[[package]]
name = "symphonia-format-ogg"
version = "0.5.5"
source = "registry+https://github.com/rust-lang/crates.io-index"
checksum = "2b4955c67c1ed3aa8ae8428d04ca8397fbef6a19b2b051e73b5da8b1435639cb"
dependencies = [
 "log",
 "symphonia-core",
 "symphonia-metadata",
 "symphonia-utils-xiph",
]

[[package]]
name = "symphonia-format-riff"
version = "0.5.5"
source = "registry+https://github.com/rust-lang/crates.io-index"
checksum = "c2d7c3df0e7d94efb68401d81906eae73c02b40d5ec1a141962c592d0f11a96f"
dependencies = [
 "extended",
 "log",
 "symphonia-core",
 "symphonia-metadata",
]

[[package]]
name = "symphonia-metadata"
version = "0.5.5"
source = "registry+https://github.com/rust-lang/crates.io-index"
checksum = "36306ff42b9ffe6e5afc99d49e121e0bd62fe79b9db7b9681d48e29fa19e6b16"
dependencies = [
 "encoding_rs",
 "lazy_static",
 "log",
 "symphonia-core",
]

[[package]]
name = "symphonia-utils-xiph"
version = "0.5.5"
source = "registry+https://github.com/rust-lang/crates.io-index"
checksum = "ee27c85ab799a338446b68eec77abf42e1a6f1bb490656e121c6e27bfbab9f16"
dependencies = [
 "symphonia-core",
 "symphonia-metadata",
]

[[package]]
name = "syn"
version = "2.0.106"
source = "registry+https://github.com/rust-lang/crates.io-index"
checksum = "ede7c438028d4436d71104916910f5bb611972c5cfd7f89b8300a8186e6fada6"
dependencies = [
 "proc-macro2",
 "quote",
 "unicode-ident",
]

[[package]]
name = "thiserror"
version = "2.0.17"
source = "registry+https://github.com/rust-lang/crates.io-index"
checksum = "f63587ca0f12b72a0600bcba1d40081f830876000bb46dd2337a3051618f4fc8"
dependencies = [
 "thiserror-impl",
]

[[package]]
name = "thiserror-impl"
version = "2.0.17"
source = "registry+https://github.com/rust-lang/crates.io-index"
checksum = "3ff15c8ecd7de3849db632e14d18d2571fa09dfc5ed93479bc4485c7a517c913"
dependencies = [
 "proc-macro2",
 "quote",
 "syn",
]

[[package]]
name = "tokio"
version = "1.48.0"
source = "registry+https://github.com/rust-lang/crates.io-index"
checksum = "ff360e02eab121e0bc37a2d3b4d4dc622e6eda3a8e5253d5435ecf5bd4c68408"
dependencies = [
 "pin-project-lite",
 "tokio-macros",
]

[[package]]
name = "tokio-macros"
version = "2.6.0"
source = "registry+https://github.com/rust-lang/crates.io-index"
checksum = "af407857209536a95c8e56f8231ef2c2e2aff839b22e07a1ffcbc617e9db9fa5"
dependencies = [
 "proc-macro2",
 "quote",
 "syn",
]

[[package]]
name = "transcoder"
version = "0.1.0"
dependencies = [
 "audio-codec-algorithms",
 "audio-file-utils",
 "base32",
 "ebur128",
 "embedded-io-async",
 "rubato",
 "sha1",
 "symphonia",
 "thiserror",
 "tokio",
]

[[package]]
name = "transpose"
version = "0.2.3"
source = "registry+https://github.com/rust-lang/crates.io-index"
checksum = "1ad61aed86bc3faea4300c7aee358b4c6d0c8d6ccc36524c96e4c92ccf26e77e"
dependencies = [
 "num-integer",
 "strength_reduce",
]

[[package]]
name = "typenum"
version = "1.19.0"
source = "registry+https://github.com/rust-lang/crates.io-index"
checksum = "562d481066bde0658276a35467c4af00bdc6ee726305698a55b86e61d7ad82bb"

[[package]]
name = "unicode-ident"
version = "1.0.19"
source = "registry+https://github.com/rust-lang/crates.io-index"
checksum = "f63a545481291138910575129486daeaf8ac54aee4387fe7906919f7830c7d9d"

[[package]]
name = "version_check"
version = "0.9.5"
source = "registry+https://github.com/rust-lang/crates.io-index"
checksum = "0b928f33d975fc6ad9f86c8f283853ad26bdd5b10b7f1542aa2fa15e2289105a"
